
Microsoft Visual Studio Solution File, Format Version 12.00
# Visual Studio Version 17
VisualStudioVersion = 17.10.35004.147
MinimumVisualStudioVersion = 10.0.40219.1
Project("{2150E333-8FDC-42A3-9474-1A3956D46DE8}") = "Src", "Src", "{F3C8D164-226A-4C27-9A0A-74F11B01481E}"
EndProject
Project("{2150E333-8FDC-42A3-9474-1A3956D46DE8}") = "Test", "Test", "{CF84959C-7980-42F9-AC1E-1BAB38B63687}"
EndProject
Project("{2150E333-8FDC-42A3-9474-1A3956D46DE8}") = "Doc", "Doc", "{719FA46F-0402-452F-8376-98CBC7138BBD}"
EndProject
Project("{2150E333-8FDC-42A3-9474-1A3956D46DE8}") = "Solution Items", "Solution Items", "{A3706D78-E04A-4C48-A403-40F3446457C8}"
EndProject
Project("{2150E333-8FDC-42A3-9474-1A3956D46DE8}") = "Core", "Core", "{94885DA0-6BFA-4165-BF20-1B90DDDDC2DC}"
EndProject
Project("{2150E333-8FDC-42A3-9474-1A3956D46DE8}") = "Infrastructure", "Infrastructure", "{FE75D61F-62A1-465F-A501-553246E66312}"
EndProject
Project("{2150E333-8FDC-42A3-9474-1A3956D46DE8}") = "Presentation", "Presentation", "{DEE5B9D4-4776-45D1-9457-CD8E9B18839B}"
EndProject
Project("{9A19103F-16F7-4668-BE54-9A1E7A4F7556}") = "Project.Domain", "Project.Domain\Project.Domain.csproj", "{1AF3509F-6858-428B-B89A-48C68672F7AE}"
EndProject
Project("{9A19103F-16F7-4668-BE54-9A1E7A4F7556}") = "Project.Application", "Project.Application\Project.Application.csproj", "{1256FD81-0C3F-4935-8D75-C4293DDC7C3C}"
EndProject
Project("{9A19103F-16F7-4668-BE54-9A1E7A4F7556}") = "Project.Persistence", "Project.Persistence\Project.Persistence.csproj", "{81C06B3F-773E-402D-953A-36B243C087F9}"
EndProject
Project("{9A19103F-16F7-4668-BE54-9A1E7A4F7556}") = "Project.Infrastructure", "Infrastructure\Project.Infrastructure.csproj", "{CB671AE6-8997-4E76-B94C-521644DC54E3}"
EndProject
Project("{9A19103F-16F7-4668-BE54-9A1E7A4F7556}") = "Project.EndPoint", "EndPoint\Project.EndPoint.csproj", "{29B32361-6DB1-4E21-A6DD-DF090B1A7584}"
EndProject
Project("{9A19103F-16F7-4668-BE54-9A1E7A4F7556}") = "Admin.EndPoint", "Admin.EndPoint\Admin.EndPoint.csproj", "{A3EC3940-9E93-4D31-BC1A-088089D8B160}"
EndProject
Project("{2150E333-8FDC-42A3-9474-1A3956D46DE8}") = "Commons", "Commons", "{B76F3FFD-4F28-48FC-95E1-F0A7F00B04E1}"
EndProject
Project("{9A19103F-16F7-4668-BE54-9A1E7A4F7556}") = "Common", "Common\Common.csproj", "{12FBD035-63F1-4C4B-989B-5B5E38145269}"
EndProject
Project("{9A19103F-16F7-4668-BE54-9A1E7A4F7556}") = "StaticFiles.EndPoint", "StaticFiles.EndPoint\StaticFiles.EndPoint.csproj", "{3B12ECA7-5CE5-4A47-AAB1-4B7A553368E1}"
EndProject
Project("{9A19103F-16F7-4668-BE54-9A1E7A4F7556}") = "API", "API\API.csproj", "{3BE04761-0477-40A0-B4B4-D4AB43D3E245}"
EndProject
Global
	GlobalSection(SolutionConfigurationPlatforms) = preSolution
		Debug|Any CPU = Debug|Any CPU
		Release|Any CPU = Release|Any CPU
	EndGlobalSection
	GlobalSection(ProjectConfigurationPlatforms) = postSolution
		{1AF3509F-6858-428B-B89A-48C68672F7AE}.Debug|Any CPU.ActiveCfg = Debug|Any CPU
		{1AF3509F-6858-428B-B89A-48C68672F7AE}.Debug|Any CPU.Build.0 = Debug|Any CPU
		{1AF3509F-6858-428B-B89A-48C68672F7AE}.Release|Any CPU.ActiveCfg = Release|Any CPU
		{1AF3509F-6858-428B-B89A-48C68672F7AE}.Release|Any CPU.Build.0 = Release|Any CPU
		{1256FD81-0C3F-4935-8D75-C4293DDC7C3C}.Debug|Any CPU.ActiveCfg = Debug|Any CPU
		{1256FD81-0C3F-4935-8D75-C4293DDC7C3C}.Debug|Any CPU.Build.0 = Debug|Any CPU
		{1256FD81-0C3F-4935-8D75-C4293DDC7C3C}.Release|Any CPU.ActiveCfg = Release|Any CPU
		{1256FD81-0C3F-4935-8D75-C4293DDC7C3C}.Release|Any CPU.Build.0 = Release|Any CPU
		{81C06B3F-773E-402D-953A-36B243C087F9}.Debug|Any CPU.ActiveCfg = Debug|Any CPU
		{81C06B3F-773E-402D-953A-36B243C087F9}.Debug|Any CPU.Build.0 = Debug|Any CPU
		{81C06B3F-773E-402D-953A-36B243C087F9}.Release|Any CPU.ActiveCfg = Release|Any CPU
		{81C06B3F-773E-402D-953A-36B243C087F9}.Release|Any CPU.Build.0 = Release|Any CPU
		{CB671AE6-8997-4E76-B94C-521644DC54E3}.Debug|Any CPU.ActiveCfg = Debug|Any CPU
		{CB671AE6-8997-4E76-B94C-521644DC54E3}.Debug|Any CPU.Build.0 = Debug|Any CPU
		{CB671AE6-8997-4E76-B94C-521644DC54E3}.Release|Any CPU.ActiveCfg = Release|Any CPU
		{CB671AE6-8997-4E76-B94C-521644DC54E3}.Release|Any CPU.Build.0 = Release|Any CPU
		{29B32361-6DB1-4E21-A6DD-DF090B1A7584}.Debug|Any CPU.ActiveCfg = Debug|Any CPU
		{29B32361-6DB1-4E21-A6DD-DF090B1A7584}.Debug|Any CPU.Build.0 = Debug|Any CPU
		{29B32361-6DB1-4E21-A6DD-DF090B1A7584}.Release|Any CPU.ActiveCfg = Release|Any CPU
		{29B32361-6DB1-4E21-A6DD-DF090B1A7584}.Release|Any CPU.Build.0 = Release|Any CPU
		{A3EC3940-9E93-4D31-BC1A-088089D8B160}.Debug|Any CPU.ActiveCfg = Debug|Any CPU
		{A3EC3940-9E93-4D31-BC1A-088089D8B160}.Debug|Any CPU.Build.0 = Debug|Any CPU
		{A3EC3940-9E93-4D31-BC1A-088089D8B160}.Release|Any CPU.ActiveCfg = Release|Any CPU
		{A3EC3940-9E93-4D31-BC1A-088089D8B160}.Release|Any CPU.Build.0 = Release|Any CPU
		{12FBD035-63F1-4C4B-989B-5B5E38145269}.Debug|Any CPU.ActiveCfg = Debug|Any CPU
		{12FBD035-63F1-4C4B-989B-5B5E38145269}.Debug|Any CPU.Build.0 = Debug|Any CPU
		{12FBD035-63F1-4C4B-989B-5B5E38145269}.Release|Any CPU.ActiveCfg = Release|Any CPU
		{12FBD035-63F1-4C4B-989B-5B5E38145269}.Release|Any CPU.Build.0 = Release|Any CPU
		{3B12ECA7-5CE5-4A47-AAB1-4B7A553368E1}.Debug|Any CPU.ActiveCfg = Debug|Any CPU
		{3B12ECA7-5CE5-4A47-AAB1-4B7A553368E1}.Debug|Any CPU.Build.0 = Debug|Any CPU
		{3B12ECA7-5CE5-4A47-AAB1-4B7A553368E1}.Release|Any CPU.ActiveCfg = Release|Any CPU
		{3B12ECA7-5CE5-4A47-AAB1-4B7A553368E1}.Release|Any CPU.Build.0 = Release|Any CPU
		{3BE04761-0477-40A0-B4B4-D4AB43D3E245}.Debug|Any CPU.ActiveCfg = Debug|Any CPU
		{3BE04761-0477-40A0-B4B4-D4AB43D3E245}.Debug|Any CPU.Build.0 = Debug|Any CPU
		{3BE04761-0477-40A0-B4B4-D4AB43D3E245}.Release|Any CPU.ActiveCfg = Release|Any CPU
		{3BE04761-0477-40A0-B4B4-D4AB43D3E245}.Release|Any CPU.Build.0 = Release|Any CPU
	EndGlobalSection
	GlobalSection(SolutionProperties) = preSolution
		HideSolutionNode = FALSE
	EndGlobalSection
	GlobalSection(NestedProjects) = preSolution
		{94885DA0-6BFA-4165-BF20-1B90DDDDC2DC} = {F3C8D164-226A-4C27-9A0A-74F11B01481E}
		{FE75D61F-62A1-465F-A501-553246E66312} = {F3C8D164-226A-4C27-9A0A-74F11B01481E}
		{DEE5B9D4-4776-45D1-9457-CD8E9B18839B} = {F3C8D164-226A-4C27-9A0A-74F11B01481E}
		{1AF3509F-6858-428B-B89A-48C68672F7AE} = {94885DA0-6BFA-4165-BF20-1B90DDDDC2DC}
		{1256FD81-0C3F-4935-8D75-C4293DDC7C3C} = {94885DA0-6BFA-4165-BF20-1B90DDDDC2DC}
		{81C06B3F-773E-402D-953A-36B243C087F9} = {FE75D61F-62A1-465F-A501-553246E66312}
		{CB671AE6-8997-4E76-B94C-521644DC54E3} = {FE75D61F-62A1-465F-A501-553246E66312}
		{29B32361-6DB1-4E21-A6DD-DF090B1A7584} = {DEE5B9D4-4776-45D1-9457-CD8E9B18839B}
		{A3EC3940-9E93-4D31-BC1A-088089D8B160} = {DEE5B9D4-4776-45D1-9457-CD8E9B18839B}
		{B76F3FFD-4F28-48FC-95E1-F0A7F00B04E1} = {F3C8D164-226A-4C27-9A0A-74F11B01481E}
		{12FBD035-63F1-4C4B-989B-5B5E38145269} = {B76F3FFD-4F28-48FC-95E1-F0A7F00B04E1}
		{3B12ECA7-5CE5-4A47-AAB1-4B7A553368E1} = {DEE5B9D4-4776-45D1-9457-CD8E9B18839B}
		{3BE04761-0477-40A0-B4B4-D4AB43D3E245} = {DEE5B9D4-4776-45D1-9457-CD8E9B18839B}
	EndGlobalSection
	GlobalSection(ExtensibilityGlobals) = postSolution
		SolutionGuid = {31F67CAE-A4FF-498A-AAAA-DA4C16EF8166}
	EndGlobalSection
EndGlobal
